// !$*UTF8*$!
{
	archiveVersion = 1;
	classes = {
	};
	objectVersion = 46;
	objects = {

/* Begin PBXBuildFile section */
		ED355A711A4550E2006BA698 /* button_sozai.png in Resources */ = {isa = PBXBuildFile; fileRef = ED355A701A4550E2006BA698 /* button_sozai.png */; };
		ED355A991A4557A9006BA698 /* MRBlurView.m in Sources */ = {isa = PBXBuildFile; fileRef = ED355A751A4557A9006BA698 /* MRBlurView.m */; };
		ED355A9A1A4557A9006BA698 /* UIImage+MRImageEffects.m in Sources */ = {isa = PBXBuildFile; fileRef = ED355A771A4557A9006BA698 /* UIImage+MRImageEffects.m */; };
		ED355A9B1A4557A9006BA698 /* MRActivityIndicatorView.m in Sources */ = {isa = PBXBuildFile; fileRef = ED355A7A1A4557A9006BA698 /* MRActivityIndicatorView.m */; };
		ED355A9C1A4557A9006BA698 /* MRCircularProgressView.m in Sources */ = {isa = PBXBuildFile; fileRef = ED355A7C1A4557A9006BA698 /* MRCircularProgressView.m */; };
		ED355A9D1A4557A9006BA698 /* MRIconView.m in Sources */ = {isa = PBXBuildFile; fileRef = ED355A7E1A4557A9006BA698 /* MRIconView.m */; };
		ED355A9E1A4557A9006BA698 /* MRNavigationBarProgressView.m in Sources */ = {isa = PBXBuildFile; fileRef = ED355A801A4557A9006BA698 /* MRNavigationBarProgressView.m */; };
		ED355A9F1A4557A9006BA698 /* MRProgressOverlayView.m in Sources */ = {isa = PBXBuildFile; fileRef = ED355A821A4557A9006BA698 /* MRProgressOverlayView.m */; };
		ED355AA01A4557A9006BA698 /* MRProgressView.m in Sources */ = {isa = PBXBuildFile; fileRef = ED355A841A4557A9006BA698 /* MRProgressView.m */; };
		ED355AA11A4557A9006BA698 /* MRStopButton.m in Sources */ = {isa = PBXBuildFile; fileRef = ED355A871A4557A9006BA698 /* MRStopButton.m */; };
		ED355AA21A4557A9006BA698 /* MRActivityIndicatorView+AFNetworking.m in Sources */ = {isa = PBXBuildFile; fileRef = ED355A8C1A4557A9006BA698 /* MRActivityIndicatorView+AFNetworking.m */; };
		ED355AA31A4557A9006BA698 /* MRProgressOverlayView+AFNetworking.m in Sources */ = {isa = PBXBuildFile; fileRef = ED355A8E1A4557A9006BA698 /* MRProgressOverlayView+AFNetworking.m */; };
		ED355AA41A4557A9006BA698 /* MRProgressView+AFNetworking.m in Sources */ = {isa = PBXBuildFile; fileRef = ED355A901A4557A9006BA698 /* MRProgressView+AFNetworking.m */; };
		ED355AA51A4557A9006BA698 /* MRMessageInterceptor.m in Sources */ = {isa = PBXBuildFile; fileRef = ED355A931A4557A9006BA698 /* MRMessageInterceptor.m */; };
		ED355AA61A4557A9006BA698 /* MRMethodCopier.m in Sources */ = {isa = PBXBuildFile; fileRef = ED355A951A4557A9006BA698 /* MRMethodCopier.m */; };
		ED355AA71A4557A9006BA698 /* MRWeakProxy.m in Sources */ = {isa = PBXBuildFile; fileRef = ED355A981A4557A9006BA698 /* MRWeakProxy.m */; };
		ED355AA91A4557D1006BA698 /* QuartzCore.framework in Frameworks */ = {isa = PBXBuildFile; fileRef = ED355AA81A4557D1006BA698 /* QuartzCore.framework */; };
		ED355AAB1A4557DD006BA698 /* Accelerate.framework in Frameworks */ = {isa = PBXBuildFile; fileRef = ED355AAA1A4557DD006BA698 /* Accelerate.framework */; };
		EDE0ED5F1A175A42001EF010 /* Foundation.framework in Frameworks */ = {isa = PBXBuildFile; fileRef = EDE0ED5E1A175A42001EF010 /* Foundation.framework */; };
		EDE0ED611A175A42001EF010 /* CoreGraphics.framework in Frameworks */ = {isa = PBXBuildFile; fileRef = EDE0ED601A175A42001EF010 /* CoreGraphics.framework */; };
		EDE0ED631A175A42001EF010 /* UIKit.framework in Frameworks */ = {isa = PBXBuildFile; fileRef = EDE0ED621A175A42001EF010 /* UIKit.framework */; };
		EDE0ED691A175A42001EF010 /* InfoPlist.strings in Resources */ = {isa = PBXBuildFile; fileRef = EDE0ED671A175A42001EF010 /* InfoPlist.strings */; };
		EDE0ED6B1A175A42001EF010 /* main.m in Sources */ = {isa = PBXBuildFile; fileRef = EDE0ED6A1A175A42001EF010 /* main.m */; };
		EDE0ED6F1A175A42001EF010 /* AppDelegate.m in Sources */ = {isa = PBXBuildFile; fileRef = EDE0ED6E1A175A42001EF010 /* AppDelegate.m */; };
		EDE0ED751A175A42001EF010 /* ViewController.m in Sources */ = {isa = PBXBuildFile; fileRef = EDE0ED741A175A42001EF010 /* ViewController.m */; };
		EDE0ED771A175A42001EF010 /* Images.xcassets in Resources */ = {isa = PBXBuildFile; fileRef = EDE0ED761A175A42001EF010 /* Images.xcassets */; };
		EDE0ED7E1A175A42001EF010 /* XCTest.framework in Frameworks */ = {isa = PBXBuildFile; fileRef = EDE0ED7D1A175A42001EF010 /* XCTest.framework */; };
		EDE0ED7F1A175A42001EF010 /* Foundation.framework in Frameworks */ = {isa = PBXBuildFile; fileRef = EDE0ED5E1A175A42001EF010 /* Foundation.framework */; };
		EDE0ED801A175A42001EF010 /* UIKit.framework in Frameworks */ = {isa = PBXBuildFile; fileRef = EDE0ED621A175A42001EF010 /* UIKit.framework */; };
		EDE0ED881A175A42001EF010 /* InfoPlist.strings in Resources */ = {isa = PBXBuildFile; fileRef = EDE0ED861A175A42001EF010 /* InfoPlist.strings */; };
		EDE0ED8A1A175A42001EF010 /* randomcreateTests.m in Sources */ = {isa = PBXBuildFile; fileRef = EDE0ED891A175A42001EF010 /* randomcreateTests.m */; };
		EDE0ED951A175F1B001EF010 /* Main.storyboard in Resources */ = {isa = PBXBuildFile; fileRef = EDE0ED931A175F1B001EF010 /* Main.storyboard */; };
/* End PBXBuildFile section */

/* Begin PBXContainerItemProxy section */
		EDE0ED811A175A42001EF010 /* PBXContainerItemProxy */ = {
			isa = PBXContainerItemProxy;
			containerPortal = EDE0ED531A175A42001EF010 /* Project object */;
			proxyType = 1;
			remoteGlobalIDString = EDE0ED5A1A175A42001EF010;
			remoteInfo = randomcreate;
		};
/* End PBXContainerItemProxy section */

/* Begin PBXFileReference section */
		ED355A701A4550E2006BA698 /* button_sozai.png */ = {isa = PBXFileReference; lastKnownFileType = image.png; path = button_sozai.png; sourceTree = "<group>"; };
		ED355A741A4557A9006BA698 /* MRBlurView.h */ = {isa = PBXFileReference; fileEncoding = 4; lastKnownFileType = sourcecode.c.h; path = MRBlurView.h; sourceTree = "<group>"; };
		ED355A751A4557A9006BA698 /* MRBlurView.m */ = {isa = PBXFileReference; fileEncoding = 4; lastKnownFileType = sourcecode.c.objc; path = MRBlurView.m; sourceTree = "<group>"; };
		ED355A761A4557A9006BA698 /* UIImage+MRImageEffects.h */ = {isa = PBXFileReference; fileEncoding = 4; lastKnownFileType = sourcecode.c.h; path = "UIImage+MRImageEffects.h"; sourceTree = "<group>"; };
		ED355A771A4557A9006BA698 /* UIImage+MRImageEffects.m */ = {isa = PBXFileReference; fileEncoding = 4; lastKnownFileType = sourcecode.c.objc; path = "UIImage+MRImageEffects.m"; sourceTree = "<group>"; };
		ED355A791A4557A9006BA698 /* MRActivityIndicatorView.h */ = {isa = PBXFileReference; fileEncoding = 4; lastKnownFileType = sourcecode.c.h; path = MRActivityIndicatorView.h; sourceTree = "<group>"; };
		ED355A7A1A4557A9006BA698 /* MRActivityIndicatorView.m */ = {isa = PBXFileReference; fileEncoding = 4; lastKnownFileType = sourcecode.c.objc; path = MRActivityIndicatorView.m; sourceTree = "<group>"; };
		ED355A7B1A4557A9006BA698 /* MRCircularProgressView.h */ = {isa = PBXFileReference; fileEncoding = 4; lastKnownFileType = sourcecode.c.h; path = MRCircularProgressView.h; sourceTree = "<group>"; };
		ED355A7C1A4557A9006BA698 /* MRCircularProgressView.m */ = {isa = PBXFileReference; fileEncoding = 4; lastKnownFileType = sourcecode.c.objc; path = MRCircularProgressView.m; sourceTree = "<group>"; };
		ED355A7D1A4557A9006BA698 /* MRIconView.h */ = {isa = PBXFileReference; fileEncoding = 4; lastKnownFileType = sourcecode.c.h; path = MRIconView.h; sourceTree = "<group>"; };
		ED355A7E1A4557A9006BA698 /* MRIconView.m */ = {isa = PBXFileReference; fileEncoding = 4; lastKnownFileType = sourcecode.c.objc; path = MRIconView.m; sourceTree = "<group>"; };
		ED355A7F1A4557A9006BA698 /* MRNavigationBarProgressView.h */ = {isa = PBXFileReference; fileEncoding = 4; lastKnownFileType = sourcecode.c.h; path = MRNavigationBarProgressView.h; sourceTree = "<group>"; };
		ED355A801A4557A9006BA698 /* MRNavigationBarProgressView.m */ = {isa = PBXFileReference; fileEncoding = 4; lastKnownFileType = sourcecode.c.objc; path = MRNavigationBarProgressView.m; sourceTree = "<group>"; };
		ED355A811A4557A9006BA698 /* MRProgressOverlayView.h */ = {isa = PBXFileReference; fileEncoding = 4; lastKnownFileType = sourcecode.c.h; path = MRProgressOverlayView.h; sourceTree = "<group>"; };
		ED355A821A4557A9006BA698 /* MRProgressOverlayView.m */ = {isa = PBXFileReference; fileEncoding = 4; lastKnownFileType = sourcecode.c.objc; path = MRProgressOverlayView.m; sourceTree = "<group>"; };
		ED355A831A4557A9006BA698 /* MRProgressView.h */ = {isa = PBXFileReference; fileEncoding = 4; lastKnownFileType = sourcecode.c.h; path = MRProgressView.h; sourceTree = "<group>"; };
		ED355A841A4557A9006BA698 /* MRProgressView.m */ = {isa = PBXFileReference; fileEncoding = 4; lastKnownFileType = sourcecode.c.objc; path = MRProgressView.m; sourceTree = "<group>"; };
		ED355A851A4557A9006BA698 /* MRStopableView.h */ = {isa = PBXFileReference; fileEncoding = 4; lastKnownFileType = sourcecode.c.h; path = MRStopableView.h; sourceTree = "<group>"; };
		ED355A861A4557A9006BA698 /* MRStopButton.h */ = {isa = PBXFileReference; fileEncoding = 4; lastKnownFileType = sourcecode.c.h; path = MRStopButton.h; sourceTree = "<group>"; };
		ED355A871A4557A9006BA698 /* MRStopButton.m */ = {isa = PBXFileReference; fileEncoding = 4; lastKnownFileType = sourcecode.c.objc; path = MRStopButton.m; sourceTree = "<group>"; };
		ED355A881A4557A9006BA698 /* MRProgress.h */ = {isa = PBXFileReference; fileEncoding = 4; lastKnownFileType = sourcecode.c.h; path = MRProgress.h; sourceTree = "<group>"; };
		ED355A8B1A4557A9006BA698 /* MRActivityIndicatorView+AFNetworking.h */ = {isa = PBXFileReference; fileEncoding = 4; lastKnownFileType = sourcecode.c.h; path = "MRActivityIndicatorView+AFNetworking.h"; sourceTree = "<group>"; };
		ED355A8C1A4557A9006BA698 /* MRActivityIndicatorView+AFNetworking.m */ = {isa = PBXFileReference; fileEncoding = 4; lastKnownFileType = sourcecode.c.objc; path = "MRActivityIndicatorView+AFNetworking.m"; sourceTree = "<group>"; };
		ED355A8D1A4557A9006BA698 /* MRProgressOverlayView+AFNetworking.h */ = {isa = PBXFileReference; fileEncoding = 4; lastKnownFileType = sourcecode.c.h; path = "MRProgressOverlayView+AFNetworking.h"; sourceTree = "<group>"; };
		ED355A8E1A4557A9006BA698 /* MRProgressOverlayView+AFNetworking.m */ = {isa = PBXFileReference; fileEncoding = 4; lastKnownFileType = sourcecode.c.objc; path = "MRProgressOverlayView+AFNetworking.m"; sourceTree = "<group>"; };
		ED355A8F1A4557A9006BA698 /* MRProgressView+AFNetworking.h */ = {isa = PBXFileReference; fileEncoding = 4; lastKnownFileType = sourcecode.c.h; path = "MRProgressView+AFNetworking.h"; sourceTree = "<group>"; };
		ED355A901A4557A9006BA698 /* MRProgressView+AFNetworking.m */ = {isa = PBXFileReference; fileEncoding = 4; lastKnownFileType = sourcecode.c.objc; path = "MRProgressView+AFNetworking.m"; sourceTree = "<group>"; };
		ED355A921A4557A9006BA698 /* MRMessageInterceptor.h */ = {isa = PBXFileReference; fileEncoding = 4; lastKnownFileType = sourcecode.c.h; path = MRMessageInterceptor.h; sourceTree = "<group>"; };
		ED355A931A4557A9006BA698 /* MRMessageInterceptor.m */ = {isa = PBXFileReference; fileEncoding = 4; lastKnownFileType = sourcecode.c.objc; path = MRMessageInterceptor.m; sourceTree = "<group>"; };
		ED355A941A4557A9006BA698 /* MRMethodCopier.h */ = {isa = PBXFileReference; fileEncoding = 4; lastKnownFileType = sourcecode.c.h; path = MRMethodCopier.h; sourceTree = "<group>"; };
		ED355A951A4557A9006BA698 /* MRMethodCopier.m */ = {isa = PBXFileReference; fileEncoding = 4; lastKnownFileType = sourcecode.c.objc; path = MRMethodCopier.m; sourceTree = "<group>"; };
		ED355A961A4557A9006BA698 /* MRProgressHelper.h */ = {isa = PBXFileReference; fileEncoding = 4; lastKnownFileType = sourcecode.c.h; path = MRProgressHelper.h; sourceTree = "<group>"; };
		ED355A971A4557A9006BA698 /* MRWeakProxy.h */ = {isa = PBXFileReference; fileEncoding = 4; lastKnownFileType = sourcecode.c.h; path = MRWeakProxy.h; sourceTree = "<group>"; };
		ED355A981A4557A9006BA698 /* MRWeakProxy.m */ = {isa = PBXFileReference; fileEncoding = 4; lastKnownFileType = sourcecode.c.objc; path = MRWeakProxy.m; sourceTree = "<group>"; };
		ED355AA81A4557D1006BA698 /* QuartzCore.framework */ = {isa = PBXFileReference; lastKnownFileType = wrapper.framework; name = QuartzCore.framework; path = System/Library/Frameworks/QuartzCore.framework; sourceTree = SDKROOT; };
		ED355AAA1A4557DD006BA698 /* Accelerate.framework */ = {isa = PBXFileReference; lastKnownFileType = wrapper.framework; name = Accelerate.framework; path = System/Library/Frameworks/Accelerate.framework; sourceTree = SDKROOT; };
		EDE0ED5B1A175A42001EF010 /* randomcreate.app */ = {isa = PBXFileReference; explicitFileType = wrapper.application; includeInIndex = 0; path = randomcreate.app; sourceTree = BUILT_PRODUCTS_DIR; };
		EDE0ED5E1A175A42001EF010 /* Foundation.framework */ = {isa = PBXFileReference; lastKnownFileType = wrapper.framework; name = Foundation.framework; path = System/Library/Frameworks/Foundation.framework; sourceTree = SDKROOT; };
		EDE0ED601A175A42001EF010 /* CoreGraphics.framework */ = {isa = PBXFileReference; lastKnownFileType = wrapper.framework; name = CoreGraphics.framework; path = System/Library/Frameworks/CoreGraphics.framework; sourceTree = SDKROOT; };
		EDE0ED621A175A42001EF010 /* UIKit.framework */ = {isa = PBXFileReference; lastKnownFileType = wrapper.framework; name = UIKit.framework; path = System/Library/Frameworks/UIKit.framework; sourceTree = SDKROOT; };
		EDE0ED661A175A42001EF010 /* randomcreate-Info.plist */ = {isa = PBXFileReference; lastKnownFileType = text.plist.xml; path = "randomcreate-Info.plist"; sourceTree = "<group>"; };
		EDE0ED681A175A42001EF010 /* en */ = {isa = PBXFileReference; lastKnownFileType = text.plist.strings; name = en; path = en.lproj/InfoPlist.strings; sourceTree = "<group>"; };
		EDE0ED6A1A175A42001EF010 /* main.m */ = {isa = PBXFileReference; lastKnownFileType = sourcecode.c.objc; path = main.m; sourceTree = "<group>"; };
		EDE0ED6C1A175A42001EF010 /* randomcreate-Prefix.pch */ = {isa = PBXFileReference; lastKnownFileType = sourcecode.c.h; path = "randomcreate-Prefix.pch"; sourceTree = "<group>"; };
		EDE0ED6D1A175A42001EF010 /* AppDelegate.h */ = {isa = PBXFileReference; lastKnownFileType = sourcecode.c.h; path = AppDelegate.h; sourceTree = "<group>"; };
		EDE0ED6E1A175A42001EF010 /* AppDelegate.m */ = {isa = PBXFileReference; lastKnownFileType = sourcecode.c.objc; path = AppDelegate.m; sourceTree = "<group>"; };
		EDE0ED731A175A42001EF010 /* ViewController.h */ = {isa = PBXFileReference; lastKnownFileType = sourcecode.c.h; path = ViewController.h; sourceTree = "<group>"; };
		EDE0ED741A175A42001EF010 /* ViewController.m */ = {isa = PBXFileReference; lastKnownFileType = sourcecode.c.objc; path = ViewController.m; sourceTree = "<group>"; };
		EDE0ED761A175A42001EF010 /* Images.xcassets */ = {isa = PBXFileReference; lastKnownFileType = folder.assetcatalog; path = Images.xcassets; sourceTree = "<group>"; };
		EDE0ED7C1A175A42001EF010 /* randomcreateTests.xctest */ = {isa = PBXFileReference; explicitFileType = wrapper.cfbundle; includeInIndex = 0; path = randomcreateTests.xctest; sourceTree = BUILT_PRODUCTS_DIR; };
		EDE0ED7D1A175A42001EF010 /* XCTest.framework */ = {isa = PBXFileReference; lastKnownFileType = wrapper.framework; name = XCTest.framework; path = Library/Frameworks/XCTest.framework; sourceTree = DEVELOPER_DIR; };
		EDE0ED851A175A42001EF010 /* randomcreateTests-Info.plist */ = {isa = PBXFileReference; lastKnownFileType = text.plist.xml; path = "randomcreateTests-Info.plist"; sourceTree = "<group>"; };
		EDE0ED871A175A42001EF010 /* en */ = {isa = PBXFileReference; lastKnownFileType = text.plist.strings; name = en; path = en.lproj/InfoPlist.strings; sourceTree = "<group>"; };
		EDE0ED891A175A42001EF010 /* randomcreateTests.m */ = {isa = PBXFileReference; lastKnownFileType = sourcecode.c.objc; path = randomcreateTests.m; sourceTree = "<group>"; };
		EDE0ED941A175F1B001EF010 /* Base */ = {isa = PBXFileReference; lastKnownFileType = file.storyboard; name = Base; path = Base.lproj/Main.storyboard; sourceTree = "<group>"; };
/* End PBXFileReference section */

/* Begin PBXFrameworksBuildPhase section */
		EDE0ED581A175A42001EF010 /* Frameworks */ = {
			isa = PBXFrameworksBuildPhase;
			buildActionMask = 2147483647;
			files = (
				ED355AAB1A4557DD006BA698 /* Accelerate.framework in Frameworks */,
				ED355AA91A4557D1006BA698 /* QuartzCore.framework in Frameworks */,
				EDE0ED611A175A42001EF010 /* CoreGraphics.framework in Frameworks */,
				EDE0ED631A175A42001EF010 /* UIKit.framework in Frameworks */,
				EDE0ED5F1A175A42001EF010 /* Foundation.framework in Frameworks */,
			);
			runOnlyForDeploymentPostprocessing = 0;
		};
		EDE0ED791A175A42001EF010 /* Frameworks */ = {
			isa = PBXFrameworksBuildPhase;
			buildActionMask = 2147483647;
			files = (
				EDE0ED7E1A175A42001EF010 /* XCTest.framework in Frameworks */,
				EDE0ED801A175A42001EF010 /* UIKit.framework in Frameworks */,
				EDE0ED7F1A175A42001EF010 /* Foundation.framework in Frameworks */,
			);
			runOnlyForDeploymentPostprocessing = 0;
		};
/* End PBXFrameworksBuildPhase section */

/* Begin PBXGroup section */
		ED355A721A4557A9006BA698 /* src */ = {
			isa = PBXGroup;
			children = (
				ED355A731A4557A9006BA698 /* Blur */,
				ED355A781A4557A9006BA698 /* Components */,
				ED355A881A4557A9006BA698 /* MRProgress.h */,
				ED355A891A4557A9006BA698 /* Support */,
				ED355A911A4557A9006BA698 /* Utils */,
			);
			path = src;
			sourceTree = "<group>";
		};
		ED355A731A4557A9006BA698 /* Blur */ = {
			isa = PBXGroup;
			children = (
				ED355A741A4557A9006BA698 /* MRBlurView.h */,
				ED355A751A4557A9006BA698 /* MRBlurView.m */,
				ED355A761A4557A9006BA698 /* UIImage+MRImageEffects.h */,
				ED355A771A4557A9006BA698 /* UIImage+MRImageEffects.m */,
			);
			path = Blur;
			sourceTree = "<group>";
		};
		ED355A781A4557A9006BA698 /* Components */ = {
			isa = PBXGroup;
			children = (
				ED355A791A4557A9006BA698 /* MRActivityIndicatorView.h */,
				ED355A7A1A4557A9006BA698 /* MRActivityIndicatorView.m */,
				ED355A7B1A4557A9006BA698 /* MRCircularProgressView.h */,
				ED355A7C1A4557A9006BA698 /* MRCircularProgressView.m */,
				ED355A7D1A4557A9006BA698 /* MRIconView.h */,
				ED355A7E1A4557A9006BA698 /* MRIconView.m */,
				ED355A7F1A4557A9006BA698 /* MRNavigationBarProgressView.h */,
				ED355A801A4557A9006BA698 /* MRNavigationBarProgressView.m */,
				ED355A811A4557A9006BA698 /* MRProgressOverlayView.h */,
				ED355A821A4557A9006BA698 /* MRProgressOverlayView.m */,
				ED355A831A4557A9006BA698 /* MRProgressView.h */,
				ED355A841A4557A9006BA698 /* MRProgressView.m */,
				ED355A851A4557A9006BA698 /* MRStopableView.h */,
				ED355A861A4557A9006BA698 /* MRStopButton.h */,
				ED355A871A4557A9006BA698 /* MRStopButton.m */,
			);
			path = Components;
			sourceTree = "<group>";
		};
		ED355A891A4557A9006BA698 /* Support */ = {
			isa = PBXGroup;
			children = (
				ED355A8A1A4557A9006BA698 /* AFNetworking */,
			);
			path = Support;
			sourceTree = "<group>";
		};
		ED355A8A1A4557A9006BA698 /* AFNetworking */ = {
			isa = PBXGroup;
			children = (
				ED355A8B1A4557A9006BA698 /* MRActivityIndicatorView+AFNetworking.h */,
				ED355A8C1A4557A9006BA698 /* MRActivityIndicatorView+AFNetworking.m */,
				ED355A8D1A4557A9006BA698 /* MRProgressOverlayView+AFNetworking.h */,
				ED355A8E1A4557A9006BA698 /* MRProgressOverlayView+AFNetworking.m */,
				ED355A8F1A4557A9006BA698 /* MRProgressView+AFNetworking.h */,
				ED355A901A4557A9006BA698 /* MRProgressView+AFNetworking.m */,
			);
			path = AFNetworking;
			sourceTree = "<group>";
		};
		ED355A911A4557A9006BA698 /* Utils */ = {
			isa = PBXGroup;
			children = (
				ED355A921A4557A9006BA698 /* MRMessageInterceptor.h */,
				ED355A931A4557A9006BA698 /* MRMessageInterceptor.m */,
				ED355A941A4557A9006BA698 /* MRMethodCopier.h */,
				ED355A951A4557A9006BA698 /* MRMethodCopier.m */,
				ED355A961A4557A9006BA698 /* MRProgressHelper.h */,
				ED355A971A4557A9006BA698 /* MRWeakProxy.h */,
				ED355A981A4557A9006BA698 /* MRWeakProxy.m */,
			);
			path = Utils;
			sourceTree = "<group>";
		};
		EDE0ED521A175A42001EF010 = {
			isa = PBXGroup;
			children = (
				ED355A721A4557A9006BA698 /* src */,
				EDE0ED641A175A42001EF010 /* randomcreate */,
				EDE0ED831A175A42001EF010 /* randomcreateTests */,
				EDE0ED5D1A175A42001EF010 /* Frameworks */,
				EDE0ED5C1A175A42001EF010 /* Products */,
			);
			sourceTree = "<group>";
		};
		EDE0ED5C1A175A42001EF010 /* Products */ = {
			isa = PBXGroup;
			children = (
				EDE0ED5B1A175A42001EF010 /* randomcreate.app */,
				EDE0ED7C1A175A42001EF010 /* randomcreateTests.xctest */,
			);
			name = Products;
			sourceTree = "<group>";
		};
		EDE0ED5D1A175A42001EF010 /* Frameworks */ = {
			isa = PBXGroup;
			children = (
				ED355AAA1A4557DD006BA698 /* Accelerate.framework */,
				ED355AA81A4557D1006BA698 /* QuartzCore.framework */,
				EDE0ED5E1A175A42001EF010 /* Foundation.framework */,
				EDE0ED601A175A42001EF010 /* CoreGraphics.framework */,
				EDE0ED621A175A42001EF010 /* UIKit.framework */,
				EDE0ED7D1A175A42001EF010 /* XCTest.framework */,
			);
			name = Frameworks;
			sourceTree = "<group>";
		};
		EDE0ED641A175A42001EF010 /* randomcreate */ = {
			isa = PBXGroup;
			children = (
				EDE0ED6D1A175A42001EF010 /* AppDelegate.h */,
				EDE0ED6E1A175A42001EF010 /* AppDelegate.m */,
				EDE0ED931A175F1B001EF010 /* Main.storyboard */,
				ED355A701A4550E2006BA698 /* button_sozai.png */,
				EDE0ED731A175A42001EF010 /* ViewController.h */,
				EDE0ED741A175A42001EF010 /* ViewController.m */,
				EDE0ED761A175A42001EF010 /* Images.xcassets */,
				EDE0ED651A175A42001EF010 /* Supporting Files */,
			);
			path = randomcreate;
			sourceTree = "<group>";
		};
		EDE0ED651A175A42001EF010 /* Supporting Files */ = {
			isa = PBXGroup;
			children = (
				EDE0ED661A175A42001EF010 /* randomcreate-Info.plist */,
				EDE0ED671A175A42001EF010 /* InfoPlist.strings */,
				EDE0ED6A1A175A42001EF010 /* main.m */,
				EDE0ED6C1A175A42001EF010 /* randomcreate-Prefix.pch */,
			);
			name = "Supporting Files";
			sourceTree = "<group>";
		};
		EDE0ED831A175A42001EF010 /* randomcreateTests */ = {
			isa = PBXGroup;
			children = (
				EDE0ED891A175A42001EF010 /* randomcreateTests.m */,
				EDE0ED841A175A42001EF010 /* Supporting Files */,
			);
			path = randomcreateTests;
			sourceTree = "<group>";
		};
		EDE0ED841A175A42001EF010 /* Supporting Files */ = {
			isa = PBXGroup;
			children = (
				EDE0ED851A175A42001EF010 /* randomcreateTests-Info.plist */,
				EDE0ED861A175A42001EF010 /* InfoPlist.strings */,
			);
			name = "Supporting Files";
			sourceTree = "<group>";
		};
/* End PBXGroup section */

/* Begin PBXNativeTarget section */
		EDE0ED5A1A175A42001EF010 /* randomcreate */ = {
			isa = PBXNativeTarget;
			buildConfigurationList = EDE0ED8D1A175A42001EF010 /* Build configuration list for PBXNativeTarget "randomcreate" */;
			buildPhases = (
				EDE0ED571A175A42001EF010 /* Sources */,
				EDE0ED581A175A42001EF010 /* Frameworks */,
				EDE0ED591A175A42001EF010 /* Resources */,
			);
			buildRules = (
			);
			dependencies = (
			);
			name = randomcreate;
			productName = randomcreate;
			productReference = EDE0ED5B1A175A42001EF010 /* randomcreate.app */;
			productType = "com.apple.product-type.application";
		};
		EDE0ED7B1A175A42001EF010 /* randomcreateTests */ = {
			isa = PBXNativeTarget;
			buildConfigurationList = EDE0ED901A175A42001EF010 /* Build configuration list for PBXNativeTarget "randomcreateTests" */;
			buildPhases = (
				EDE0ED781A175A42001EF010 /* Sources */,
				EDE0ED791A175A42001EF010 /* Frameworks */,
				EDE0ED7A1A175A42001EF010 /* Resources */,
			);
			buildRules = (
			);
			dependencies = (
				EDE0ED821A175A42001EF010 /* PBXTargetDependency */,
			);
			name = randomcreateTests;
			productName = randomcreateTests;
			productReference = EDE0ED7C1A175A42001EF010 /* randomcreateTests.xctest */;
			productType = "com.apple.product-type.bundle.unit-test";
		};
/* End PBXNativeTarget section */

/* Begin PBXProject section */
		EDE0ED531A175A42001EF010 /* Project object */ = {
			isa = PBXProject;
			attributes = {
				LastUpgradeCheck = 0510;
				ORGANIZATIONNAME = "清水 翔太郎";
				TargetAttributes = {
					EDE0ED7B1A175A42001EF010 = {
						TestTargetID = EDE0ED5A1A175A42001EF010;
					};
				};
			};
			buildConfigurationList = EDE0ED561A175A42001EF010 /* Build configuration list for PBXProject "randomcreate" */;
			compatibilityVersion = "Xcode 3.2";
			developmentRegion = English;
			hasScannedForEncodings = 0;
			knownRegions = (
				en,
				Base,
			);
			mainGroup = EDE0ED521A175A42001EF010;
			productRefGroup = EDE0ED5C1A175A42001EF010 /* Products */;
			projectDirPath = "";
			projectRoot = "";
			targets = (
				EDE0ED5A1A175A42001EF010 /* randomcreate */,
				EDE0ED7B1A175A42001EF010 /* randomcreateTests */,
			);
		};
/* End PBXProject section */

/* Begin PBXResourcesBuildPhase section */
		EDE0ED591A175A42001EF010 /* Resources */ = {
			isa = PBXResourcesBuildPhase;
			buildActionMask = 2147483647;
			files = (
				ED355A711A4550E2006BA698 /* button_sozai.png in Resources */,
				EDE0ED951A175F1B001EF010 /* Main.storyboard in Resources */,
				EDE0ED771A175A42001EF010 /* Images.xcassets in Resources */,
				EDE0ED691A175A42001EF010 /* InfoPlist.strings in Resources */,
			);
			runOnlyForDeploymentPostprocessing = 0;
		};
		EDE0ED7A1A175A42001EF010 /* Resources */ = {
			isa = PBXResourcesBuildPhase;
			buildActionMask = 2147483647;
			files = (
				EDE0ED881A175A42001EF010 /* InfoPlist.strings in Resources */,
			);
			runOnlyForDeploymentPostprocessing = 0;
		};
/* End PBXResourcesBuildPhase section */

/* Begin PBXSourcesBuildPhase section */
		EDE0ED571A175A42001EF010 /* Sources */ = {
			isa = PBXSourcesBuildPhase;
			buildActionMask = 2147483647;
			files = (
				ED355A9B1A4557A9006BA698 /* MRActivityIndicatorView.m in Sources */,
				ED355A9E1A4557A9006BA698 /* MRNavigationBarProgressView.m in Sources */,
				EDE0ED751A175A42001EF010 /* ViewController.m in Sources */,
				ED355AA01A4557A9006BA698 /* MRProgressView.m in Sources */,
				ED355AA51A4557A9006BA698 /* MRMessageInterceptor.m in Sources */,
				ED355AA41A4557A9006BA698 /* MRProgressView+AFNetworking.m in Sources */,
				ED355A9D1A4557A9006BA698 /* MRIconView.m in Sources */,
				EDE0ED6F1A175A42001EF010 /* AppDelegate.m in Sources */,
				ED355AA11A4557A9006BA698 /* MRStopButton.m in Sources */,
				ED355AA21A4557A9006BA698 /* MRActivityIndicatorView+AFNetworking.m in Sources */,
				ED355A991A4557A9006BA698 /* MRBlurView.m in Sources */,
				ED355AA61A4557A9006BA698 /* MRMethodCopier.m in Sources */,
				ED355A9A1A4557A9006BA698 /* UIImage+MRImageEffects.m in Sources */,
				ED355AA31A4557A9006BA698 /* MRProgressOverlayView+AFNetworking.m in Sources */,
				EDE0ED6B1A175A42001EF010 /* main.m in Sources */,
				ED355A9C1A4557A9006BA698 /* MRCircularProgressView.m in Sources */,
				ED355A9F1A4557A9006BA698 /* MRProgressOverlayView.m in Sources */,
				ED355AA71A4557A9006BA698 /* MRWeakProxy.m in Sources */,
			);
			runOnlyForDeploymentPostprocessing = 0;
		};
		EDE0ED781A175A42001EF010 /* Sources */ = {
			isa = PBXSourcesBuildPhase;
			buildActionMask = 2147483647;
			files = (
				EDE0ED8A1A175A42001EF010 /* randomcreateTests.m in Sources */,
			);
			runOnlyForDeploymentPostprocessing = 0;
		};
/* End PBXSourcesBuildPhase section */

/* Begin PBXTargetDependency section */
		EDE0ED821A175A42001EF010 /* PBXTargetDependency */ = {
			isa = PBXTargetDependency;
			target = EDE0ED5A1A175A42001EF010 /* randomcreate */;
			targetProxy = EDE0ED811A175A42001EF010 /* PBXContainerItemProxy */;
		};
/* End PBXTargetDependency section */

/* Begin PBXVariantGroup section */
		EDE0ED671A175A42001EF010 /* InfoPlist.strings */ = {
			isa = PBXVariantGroup;
			children = (
				EDE0ED681A175A42001EF010 /* en */,
			);
			name = InfoPlist.strings;
			sourceTree = "<group>";
		};
		EDE0ED861A175A42001EF010 /* InfoPlist.strings */ = {
			isa = PBXVariantGroup;
			children = (
				EDE0ED871A175A42001EF010 /* en */,
			);
			name = InfoPlist.strings;
			sourceTree = "<group>";
		};
		EDE0ED931A175F1B001EF010 /* Main.storyboard */ = {
			isa = PBXVariantGroup;
			children = (
				EDE0ED941A175F1B001EF010 /* Base */,
			);
			name = Main.storyboard;
			sourceTree = "<group>";
		};
/* End PBXVariantGroup section */

/* Begin XCBuildConfiguration section */
		EDE0ED8B1A175A42001EF010 /* Debug */ = {
			isa = XCBuildConfiguration;
			buildSettings = {
				ALWAYS_SEARCH_USER_PATHS = NO;
				CLANG_CXX_LANGUAGE_STANDARD = "gnu++0x";
				CLANG_CXX_LIBRARY = "libc++";
				CLANG_ENABLE_MODULES = YES;
				CLANG_ENABLE_OBJC_ARC = YES;
				CLANG_WARN_BOOL_CONVERSION = YES;
				CLANG_WARN_CONSTANT_CONVERSION = YES;
				CLANG_WARN_DIRECT_OBJC_ISA_USAGE = YES_ERROR;
				CLANG_WARN_EMPTY_BODY = YES;
				CLANG_WARN_ENUM_CONVERSION = YES;
				CLANG_WARN_INT_CONVERSION = YES;
				CLANG_WARN_OBJC_ROOT_CLASS = YES_ERROR;
				CLANG_WARN__DUPLICATE_METHOD_MATCH = YES;
				"CODE_SIGN_IDENTITY[sdk=iphoneos*]" = "iPhone Developer";
				COPY_PHASE_STRIP = NO;
				GCC_C_LANGUAGE_STANDARD = gnu99;
				GCC_DYNAMIC_NO_PIC = NO;
				GCC_OPTIMIZATION_LEVEL = 0;
				GCC_PREPROCESSOR_DEFINITIONS = (
					"DEBUG=1",
					"$(inherited)",
				);
				GCC_SYMBOLS_PRIVATE_EXTERN = NO;
				GCC_WARN_64_TO_32_BIT_CONVERSION = YES;
				GCC_WARN_ABOUT_RETURN_TYPE = YES_ERROR;
				GCC_WARN_UNDECLARED_SELECTOR = YES;
				GCC_WARN_UNINITIALIZED_AUTOS = YES_AGGRESSIVE;
				GCC_WARN_UNUSED_FUNCTION = YES;
				GCC_WARN_UNUSED_VARIABLE = YES;
				IPHONEOS_DEPLOYMENT_TARGET = 7.1;
				ONLY_ACTIVE_ARCH = YES;
				SDKROOT = iphoneos;
			};
			name = Debug;
		};
		EDE0ED8C1A175A42001EF010 /* Release */ = {
			isa = XCBuildConfiguration;
			buildSettings = {
				ALWAYS_SEARCH_USER_PATHS = NO;
				CLANG_CXX_LANGUAGE_STANDARD = "gnu++0x";
				CLANG_CXX_LIBRARY = "libc++";
				CLANG_ENABLE_MODULES = YES;
				CLANG_ENABLE_OBJC_ARC = YES;
				CLANG_WARN_BOOL_CONVERSION = YES;
				CLANG_WARN_CONSTANT_CONVERSION = YES;
				CLANG_WARN_DIRECT_OBJC_ISA_USAGE = YES_ERROR;
				CLANG_WARN_EMPTY_BODY = YES;
				CLANG_WARN_ENUM_CONVERSION = YES;
				CLANG_WARN_INT_CONVERSION = YES;
				CLANG_WARN_OBJC_ROOT_CLASS = YES_ERROR;
				CLANG_WARN__DUPLICATE_METHOD_MATCH = YES;
				"CODE_SIGN_IDENTITY[sdk=iphoneos*]" = "iPhone Developer";
				COPY_PHASE_STRIP = YES;
				ENABLE_NS_ASSERTIONS = NO;
				GCC_C_LANGUAGE_STANDARD = gnu99;
				GCC_WARN_64_TO_32_BIT_CONVERSION = YES;
				GCC_WARN_ABOUT_RETURN_TYPE = YES_ERROR;
				GCC_WARN_UNDECLARED_SELECTOR = YES;
				GCC_WARN_UNINITIALIZED_AUTOS = YES_AGGRESSIVE;
				GCC_WARN_UNUSED_FUNCTION = YES;
				GCC_WARN_UNUSED_VARIABLE = YES;
				IPHONEOS_DEPLOYMENT_TARGET = 7.1;
				SDKROOT = iphoneos;
				VALIDATE_PRODUCT = YES;
			};
			name = Release;
		};
		EDE0ED8E1A175A42001EF010 /* Debug */ = {
			isa = XCBuildConfiguration;
			buildSettings = {
				ASSETCATALOG_COMPILER_APPICON_NAME = AppIcon;
				ASSETCATALOG_COMPILER_LAUNCHIMAGE_NAME = LaunchImage;
				GCC_PRECOMPILE_PREFIX_HEADER = YES;
				GCC_PREFIX_HEADER = "randomcreate/randomcreate-Prefix.pch";
				INFOPLIST_FILE = "randomcreate/randomcreate-Info.plist";
				PRODUCT_NAME = "$(TARGET_NAME)";
				WRAPPER_EXTENSION = app;
			};
			name = Debug;
		};
		EDE0ED8F1A175A42001EF010 /* Release */ = {
			isa = XCBuildConfiguration;
			buildSettings = {
				ASSETCATALOG_COMPILER_APPICON_NAME = AppIcon;
				ASSETCATALOG_COMPILER_LAUNCHIMAGE_NAME = LaunchImage;
				GCC_PRECOMPILE_PREFIX_HEADER = YES;
				GCC_PREFIX_HEADER = "randomcreate/randomcreate-Prefix.pch";
				INFOPLIST_FILE = "randomcreate/randomcreate-Info.plist";
				PRODUCT_NAME = "$(TARGET_NAME)";
				WRAPPER_EXTENSION = app;
			};
			name = Release;
		};
		EDE0ED911A175A42001EF010 /* Debug */ = {
			isa = XCBuildConfiguration;
			buildSettings = {
				BUNDLE_LOADER = "$(BUILT_PRODUCTS_DIR)/randomcreate.app/randomcreate";
				FRAMEWORK_SEARCH_PATHS = (
					"$(SDKROOT)/Developer/Library/Frameworks",
					"$(inherited)",
					"$(DEVELOPER_FRAMEWORKS_DIR)",
				);
				GCC_PRECOMPILE_PREFIX_HEADER = YES;
				GCC_PREFIX_HEADER = "randomcreate/randomcreate-Prefix.pch";
				GCC_PREPROCESSOR_DEFINITIONS = (
					"DEBUG=1",
					"$(inherited)",
				);
				INFOPLIST_FILE = "randomcreateTests/randomcreateTests-Info.plist";
				PRODUCT_NAME = "$(TARGET_NAME)";
				TEST_HOST = "$(BUNDLE_LOADER)";
				WRAPPER_EXTENSION = xctest;
			};
			name = Debug;
		};
		EDE0ED921A175A42001EF010 /* Release */ = {
			isa = XCBuildConfiguration;
			buildSettings = {
				BUNDLE_LOADER = "$(BUILT_PRODUCTS_DIR)/randomcreate.app/randomcreate";
				FRAMEWORK_SEARCH_PATHS = (
					"$(SDKROOT)/Developer/Library/Frameworks",
					"$(inherited)",
					"$(DEVELOPER_FRAMEWORKS_DIR)",
				);
				GCC_PRECOMPILE_PREFIX_HEADER = YES;
				GCC_PREFIX_HEADER = "randomcreate/randomcreate-Prefix.pch";
				INFOPLIST_FILE = "randomcreateTests/randomcreateTests-Info.plist";
				PRODUCT_NAME = "$(TARGET_NAME)";
				TEST_HOST = "$(BUNDLE_LOADER)";
				WRAPPER_EXTENSION = xctest;
			};
			name = Release;
		};
/* End XCBuildConfiguration section */

/* Begin XCConfigurationList section */
		EDE0ED561A175A42001EF010 /* Build configuration list for PBXProject "randomcreate" */ = {
			isa = XCConfigurationList;
			buildConfigurations = (
				EDE0ED8B1A175A42001EF010 /* Debug */,
				EDE0ED8C1A175A42001EF010 /* Release */,
			);
			defaultConfigurationIsVisible = 0;
			defaultConfigurationName = Release;
		};
		EDE0ED8D1A175A42001EF010 /* Build configuration list for PBXNativeTarget "randomcreate" */ = {
			isa = XCConfigurationList;
			buildConfigurations = (
				EDE0ED8E1A175A42001EF010 /* Debug */,
				EDE0ED8F1A175A42001EF010 /* Release */,
			);
			defaultConfigurationIsVisible = 0;
			defaultConfigurationName = Release;
		};
		EDE0ED901A175A42001EF010 /* Build configuration list for PBXNativeTarget "randomcreateTests" */ = {
			isa = XCConfigurationList;
			buildConfigurations = (
				EDE0ED911A175A42001EF010 /* Debug */,
				EDE0ED921A175A42001EF010 /* Release */,
			);
			defaultConfigurationIsVisible = 0;
			defaultConfigurationName = Release;
		};
/* End XCConfigurationList section */
	};
	rootObject = EDE0ED531A175A42001EF010 /* Project object */;
}
